// !$*UTF8*$!
{
	archiveVersion = 1;
	classes = {
	};
	objectVersion = 56;
	objects = {

/* Begin PBXBuildFile section */
		22770E232697862F1CE6D699 /* Pods_takeMedicine.framework in Frameworks */ = {isa = PBXBuildFile; fileRef = 96D52927FC8E7B1AA53D9CE1 /* Pods_takeMedicine.framework */; };
		762EFE1A2993728F009E55D1 /* AppDelegate.swift in Sources */ = {isa = PBXBuildFile; fileRef = 762EFE192993728F009E55D1 /* AppDelegate.swift */; };
		762EFE1C2993728F009E55D1 /* SceneDelegate.swift in Sources */ = {isa = PBXBuildFile; fileRef = 762EFE1B2993728F009E55D1 /* SceneDelegate.swift */; };
		762EFE1E2993728F009E55D1 /* ViewController.swift in Sources */ = {isa = PBXBuildFile; fileRef = 762EFE1D2993728F009E55D1 /* ViewController.swift */; };
		762EFE212993728F009E55D1 /* Main.storyboard in Resources */ = {isa = PBXBuildFile; fileRef = 762EFE1F2993728F009E55D1 /* Main.storyboard */; };
		762EFE2329937290009E55D1 /* Assets.xcassets in Resources */ = {isa = PBXBuildFile; fileRef = 762EFE2229937290009E55D1 /* Assets.xcassets */; };
		762EFE2629937290009E55D1 /* LaunchScreen.storyboard in Resources */ = {isa = PBXBuildFile; fileRef = 762EFE2429937290009E55D1 /* LaunchScreen.storyboard */; };
		7642D666299D1F2B005A5101 /* Fakery in Frameworks */ = {isa = PBXBuildFile; productRef = 7642D665299D1F2B005A5101 /* Fakery */; };
		764A9FCA29D8032900084DFB /* UserDefaultsManager.swift in Sources */ = {isa = PBXBuildFile; fileRef = 764A9FC929D8032900084DFB /* UserDefaultsManager.swift */; };
		7655E0232994C14400DECB16 /* MedicineTableViewCell.swift in Sources */ = {isa = PBXBuildFile; fileRef = 7655E0222994C14400DECB16 /* MedicineTableViewCell.swift */; };
		7697F40329937CF80092D3F9 /* MedicineData.swift in Sources */ = {isa = PBXBuildFile; fileRef = 7697F40229937CF80092D3F9 /* MedicineData.swift */; };
		76A98845299E007500727AD5 /* DataManager.swift in Sources */ = {isa = PBXBuildFile; fileRef = 76A98844299E007500727AD5 /* DataManager.swift */; };
		76CAF7202994B7640039DE1B /* PlusViewController.swift in Sources */ = {isa = PBXBuildFile; fileRef = 76CAF71F2994B7640039DE1B /* PlusViewController.swift */; };
		76CAF7222994BDB00039DE1B /* EditViewController.swift in Sources */ = {isa = PBXBuildFile; fileRef = 76CAF7212994BDB00039DE1B /* EditViewController.swift */; };
		76FA42732A0B53BB006A2AAA /* GoogleMobileAds in Frameworks */ = {isa = PBXBuildFile; productRef = 76FA42722A0B53BB006A2AAA /* GoogleMobileAds */; };
/* End PBXBuildFile section */

/* Begin PBXFileReference section */
		3CC8C48E61C113EDE95FEE38 /* Pods-takeMedicine.debug.xcconfig */ = {isa = PBXFileReference; includeInIndex = 1; lastKnownFileType = text.xcconfig; name = "Pods-takeMedicine.debug.xcconfig"; path = "Target Support Files/Pods-takeMedicine/Pods-takeMedicine.debug.xcconfig"; sourceTree = "<group>"; };
		762EFE162993728F009E55D1 /* takeMedicine.app */ = {isa = PBXFileReference; explicitFileType = wrapper.application; includeInIndex = 0; path = takeMedicine.app; sourceTree = BUILT_PRODUCTS_DIR; };
		762EFE192993728F009E55D1 /* AppDelegate.swift */ = {isa = PBXFileReference; lastKnownFileType = sourcecode.swift; path = AppDelegate.swift; sourceTree = "<group>"; };
		762EFE1B2993728F009E55D1 /* SceneDelegate.swift */ = {isa = PBXFileReference; lastKnownFileType = sourcecode.swift; path = SceneDelegate.swift; sourceTree = "<group>"; };
		762EFE1D2993728F009E55D1 /* ViewController.swift */ = {isa = PBXFileReference; lastKnownFileType = sourcecode.swift; path = ViewController.swift; sourceTree = "<group>"; };
		762EFE202993728F009E55D1 /* Base */ = {isa = PBXFileReference; lastKnownFileType = file.storyboard; name = Base; path = Base.lproj/Main.storyboard; sourceTree = "<group>"; };
		762EFE2229937290009E55D1 /* Assets.xcassets */ = {isa = PBXFileReference; lastKnownFileType = folder.assetcatalog; path = Assets.xcassets; sourceTree = "<group>"; };
		762EFE2529937290009E55D1 /* Base */ = {isa = PBXFileReference; lastKnownFileType = file.storyboard; name = Base; path = Base.lproj/LaunchScreen.storyboard; sourceTree = "<group>"; };
		762EFE2729937290009E55D1 /* Info.plist */ = {isa = PBXFileReference; lastKnownFileType = text.plist.xml; path = Info.plist; sourceTree = "<group>"; };
		763B29F629EE5BDE00860E3D /* takeMedicine.entitlements */ = {isa = PBXFileReference; lastKnownFileType = text.plist.entitlements; path = takeMedicine.entitlements; sourceTree = "<group>"; };
		764A9FC929D8032900084DFB /* UserDefaultsManager.swift */ = {isa = PBXFileReference; lastKnownFileType = sourcecode.swift; path = UserDefaultsManager.swift; sourceTree = "<group>"; };
		7655E0222994C14400DECB16 /* MedicineTableViewCell.swift */ = {isa = PBXFileReference; lastKnownFileType = sourcecode.swift; path = MedicineTableViewCell.swift; sourceTree = "<group>"; };
		7697F40229937CF80092D3F9 /* MedicineData.swift */ = {isa = PBXFileReference; lastKnownFileType = sourcecode.swift; path = MedicineData.swift; sourceTree = "<group>"; };
		76A98844299E007500727AD5 /* DataManager.swift */ = {isa = PBXFileReference; lastKnownFileType = sourcecode.swift; path = DataManager.swift; sourceTree = "<group>"; };
		76CAF71F2994B7640039DE1B /* PlusViewController.swift */ = {isa = PBXFileReference; lastKnownFileType = sourcecode.swift; path = PlusViewController.swift; sourceTree = "<group>"; };
		76CAF7212994BDB00039DE1B /* EditViewController.swift */ = {isa = PBXFileReference; lastKnownFileType = sourcecode.swift; path = EditViewController.swift; sourceTree = "<group>"; };
		886020EBEC13FE76E5B1AE64 /* Pods-takeMedicine.release.xcconfig */ = {isa = PBXFileReference; includeInIndex = 1; lastKnownFileType = text.xcconfig; name = "Pods-takeMedicine.release.xcconfig"; path = "Target Support Files/Pods-takeMedicine/Pods-takeMedicine.release.xcconfig"; sourceTree = "<group>"; };
		96D52927FC8E7B1AA53D9CE1 /* Pods_takeMedicine.framework */ = {isa = PBXFileReference; explicitFileType = wrapper.framework; includeInIndex = 0; path = Pods_takeMedicine.framework; sourceTree = BUILT_PRODUCTS_DIR; };
/* End PBXFileReference section */

/* Begin PBXFrameworksBuildPhase section */
		762EFE132993728F009E55D1 /* Frameworks */ = {
			isa = PBXFrameworksBuildPhase;
			buildActionMask = 2147483647;
			files = (
				76FA42732A0B53BB006A2AAA /* GoogleMobileAds in Frameworks */,
				7642D666299D1F2B005A5101 /* Fakery in Frameworks */,
				22770E232697862F1CE6D699 /* Pods_takeMedicine.framework in Frameworks */,
			);
			runOnlyForDeploymentPostprocessing = 0;
		};
/* End PBXFrameworksBuildPhase section */

/* Begin PBXGroup section */
		6697DBF9C7444985FDB8AD2B /* Frameworks */ = {
			isa = PBXGroup;
			children = (
				96D52927FC8E7B1AA53D9CE1 /* Pods_takeMedicine.framework */,
			);
			name = Frameworks;
			sourceTree = "<group>";
		};
		762EFE0D2993728F009E55D1 = {
			isa = PBXGroup;
			children = (
				762EFE182993728F009E55D1 /* takeMedicine */,
				762EFE172993728F009E55D1 /* Products */,
				E87F65391F54DF3437551882 /* Pods */,
				6697DBF9C7444985FDB8AD2B /* Frameworks */,
			);
			sourceTree = "<group>";
		};
		762EFE172993728F009E55D1 /* Products */ = {
			isa = PBXGroup;
			children = (
				762EFE162993728F009E55D1 /* takeMedicine.app */,
			);
			name = Products;
			sourceTree = "<group>";
		};
		762EFE182993728F009E55D1 /* takeMedicine */ = {
			isa = PBXGroup;
			children = (
				763B29F629EE5BDE00860E3D /* takeMedicine.entitlements */,
				762EFE192993728F009E55D1 /* AppDelegate.swift */,
				762EFE1B2993728F009E55D1 /* SceneDelegate.swift */,
				76D8D16B29AC79AA00F8132A /* Model */,
				76D8D16C29AC79B200F8132A /* View */,
				76D8D16D29AC79BD00F8132A /* Controller */,
				762EFE2229937290009E55D1 /* Assets.xcassets */,
				762EFE2429937290009E55D1 /* LaunchScreen.storyboard */,
				762EFE2729937290009E55D1 /* Info.plist */,
			);
			path = takeMedicine;
			sourceTree = "<group>";
		};
		76D8D16B29AC79AA00F8132A /* Model */ = {
			isa = PBXGroup;
			children = (
				7697F40229937CF80092D3F9 /* MedicineData.swift */,
				76A98844299E007500727AD5 /* DataManager.swift */,
				764A9FC929D8032900084DFB /* UserDefaultsManager.swift */,
			);
			path = Model;
			sourceTree = "<group>";
		};
		76D8D16C29AC79B200F8132A /* View */ = {
			isa = PBXGroup;
			children = (
				762EFE1F2993728F009E55D1 /* Main.storyboard */,
				7655E0222994C14400DECB16 /* MedicineTableViewCell.swift */,
			);
			path = View;
			sourceTree = "<group>";
		};
		76D8D16D29AC79BD00F8132A /* Controller */ = {
			isa = PBXGroup;
			children = (
				762EFE1D2993728F009E55D1 /* ViewController.swift */,
				76CAF71F2994B7640039DE1B /* PlusViewController.swift */,
				76CAF7212994BDB00039DE1B /* EditViewController.swift */,
			);
			path = Controller;
			sourceTree = "<group>";
		};
		E87F65391F54DF3437551882 /* Pods */ = {
			isa = PBXGroup;
			children = (
				3CC8C48E61C113EDE95FEE38 /* Pods-takeMedicine.debug.xcconfig */,
				886020EBEC13FE76E5B1AE64 /* Pods-takeMedicine.release.xcconfig */,
			);
			path = Pods;
			sourceTree = "<group>";
		};
/* End PBXGroup section */

/* Begin PBXNativeTarget section */
		762EFE152993728F009E55D1 /* takeMedicine */ = {
			isa = PBXNativeTarget;
			buildConfigurationList = 762EFE2A29937290009E55D1 /* Build configuration list for PBXNativeTarget "takeMedicine" */;
			buildPhases = (
				2C445F742F713E2248F8DA76 /* [CP] Check Pods Manifest.lock */,
				762EFE122993728F009E55D1 /* Sources */,
				762EFE132993728F009E55D1 /* Frameworks */,
				762EFE142993728F009E55D1 /* Resources */,
			);
			buildRules = (
			);
			dependencies = (
			);
			name = takeMedicine;
			packageProductDependencies = (
				7642D665299D1F2B005A5101 /* Fakery */,
				76FA42722A0B53BB006A2AAA /* GoogleMobileAds */,
			);
			productName = takeMedicine;
			productReference = 762EFE162993728F009E55D1 /* takeMedicine.app */;
			productType = "com.apple.product-type.application";
		};
/* End PBXNativeTarget section */

/* Begin PBXProject section */
		762EFE0E2993728F009E55D1 /* Project object */ = {
			isa = PBXProject;
			attributes = {
				BuildIndependentTargetsInParallel = 1;
				LastSwiftUpdateCheck = 1420;
				LastUpgradeCheck = 1430;
				TargetAttributes = {
					762EFE152993728F009E55D1 = {
						CreatedOnToolsVersion = 14.2;
					};
				};
			};
			buildConfigurationList = 762EFE112993728F009E55D1 /* Build configuration list for PBXProject "takeMedicine" */;
			compatibilityVersion = "Xcode 14.0";
			developmentRegion = en;
			hasScannedForEncodings = 0;
			knownRegions = (
				en,
				Base,
			);
			mainGroup = 762EFE0D2993728F009E55D1;
			packageReferences = (
				7642D664299D1F2B005A5101 /* XCRemoteSwiftPackageReference "Fakery" */,
				76FA42712A0B53BB006A2AAA /* XCRemoteSwiftPackageReference "swift-package-manager-google-mobile-ads" */,
			);
			productRefGroup = 762EFE172993728F009E55D1 /* Products */;
			projectDirPath = "";
			projectRoot = "";
			targets = (
				762EFE152993728F009E55D1 /* takeMedicine */,
			);
		};
/* End PBXProject section */

/* Begin PBXResourcesBuildPhase section */
		762EFE142993728F009E55D1 /* Resources */ = {
			isa = PBXResourcesBuildPhase;
			buildActionMask = 2147483647;
			files = (
				762EFE2629937290009E55D1 /* LaunchScreen.storyboard in Resources */,
				762EFE2329937290009E55D1 /* Assets.xcassets in Resources */,
				762EFE212993728F009E55D1 /* Main.storyboard in Resources */,
			);
			runOnlyForDeploymentPostprocessing = 0;
		};
/* End PBXResourcesBuildPhase section */

/* Begin PBXShellScriptBuildPhase section */
		2C445F742F713E2248F8DA76 /* [CP] Check Pods Manifest.lock */ = {
			isa = PBXShellScriptBuildPhase;
			buildActionMask = 2147483647;
			files = (
			);
			inputFileListPaths = (
			);
			inputPaths = (
				"${PODS_PODFILE_DIR_PATH}/Podfile.lock",
				"${PODS_ROOT}/Manifest.lock",
			);
			name = "[CP] Check Pods Manifest.lock";
			outputFileListPaths = (
			);
			outputPaths = (
				"$(DERIVED_FILE_DIR)/Pods-takeMedicine-checkManifestLockResult.txt",
			);
			runOnlyForDeploymentPostprocessing = 0;
			shellPath = /bin/sh;
			shellScript = "diff \"${PODS_PODFILE_DIR_PATH}/Podfile.lock\" \"${PODS_ROOT}/Manifest.lock\" > /dev/null\nif [ $? != 0 ] ; then\n    # print error to STDERR\n    echo \"error: The sandbox is not in sync with the Podfile.lock. Run 'pod install' or update your CocoaPods installation.\" >&2\n    exit 1\nfi\n# This output is used by Xcode 'outputs' to avoid re-running this script phase.\necho \"SUCCESS\" > \"${SCRIPT_OUTPUT_FILE_0}\"\n";
			showEnvVarsInLog = 0;
		};
/* End PBXShellScriptBuildPhase section */

/* Begin PBXSourcesBuildPhase section */
		762EFE122993728F009E55D1 /* Sources */ = {
			isa = PBXSourcesBuildPhase;
			buildActionMask = 2147483647;
			files = (
				7697F40329937CF80092D3F9 /* MedicineData.swift in Sources */,
				76A98845299E007500727AD5 /* DataManager.swift in Sources */,
				76CAF7202994B7640039DE1B /* PlusViewController.swift in Sources */,
				7655E0232994C14400DECB16 /* MedicineTableViewCell.swift in Sources */,
				762EFE1E2993728F009E55D1 /* ViewController.swift in Sources */,
				764A9FCA29D8032900084DFB /* UserDefaultsManager.swift in Sources */,
				762EFE1A2993728F009E55D1 /* AppDelegate.swift in Sources */,
				762EFE1C2993728F009E55D1 /* SceneDelegate.swift in Sources */,
				76CAF7222994BDB00039DE1B /* EditViewController.swift in Sources */,
			);
			runOnlyForDeploymentPostprocessing = 0;
		};
/* End PBXSourcesBuildPhase section */

/* Begin PBXVariantGroup section */
		762EFE1F2993728F009E55D1 /* Main.storyboard */ = {
			isa = PBXVariantGroup;
			children = (
				762EFE202993728F009E55D1 /* Base */,
			);
			name = Main.storyboard;
			sourceTree = "<group>";
		};
		762EFE2429937290009E55D1 /* LaunchScreen.storyboard */ = {
			isa = PBXVariantGroup;
			children = (
				762EFE2529937290009E55D1 /* Base */,
			);
			name = LaunchScreen.storyboard;
			sourceTree = "<group>";
		};
/* End PBXVariantGroup section */

/* Begin XCBuildConfiguration section */
		762EFE2829937290009E55D1 /* Debug */ = {
			isa = XCBuildConfiguration;
			buildSettings = {
				ALWAYS_SEARCH_USER_PATHS = NO;
				ARCHS = "$(ARCHS_STANDARD)";
				CLANG_ANALYZER_NONNULL = YES;
				CLANG_ANALYZER_NUMBER_OBJECT_CONVERSION = YES_AGGRESSIVE;
				CLANG_CXX_LANGUAGE_STANDARD = "gnu++20";
				CLANG_ENABLE_MODULES = YES;
				CLANG_ENABLE_OBJC_ARC = YES;
				CLANG_ENABLE_OBJC_WEAK = YES;
				CLANG_WARN_BLOCK_CAPTURE_AUTORELEASING = YES;
				CLANG_WARN_BOOL_CONVERSION = YES;
				CLANG_WARN_COMMA = YES;
				CLANG_WARN_CONSTANT_CONVERSION = YES;
				CLANG_WARN_DEPRECATED_OBJC_IMPLEMENTATIONS = YES;
				CLANG_WARN_DIRECT_OBJC_ISA_USAGE = YES_ERROR;
				CLANG_WARN_DOCUMENTATION_COMMENTS = YES;
				CLANG_WARN_EMPTY_BODY = YES;
				CLANG_WARN_ENUM_CONVERSION = YES;
				CLANG_WARN_INFINITE_RECURSION = YES;
				CLANG_WARN_INT_CONVERSION = YES;
				CLANG_WARN_NON_LITERAL_NULL_CONVERSION = YES;
				CLANG_WARN_OBJC_IMPLICIT_RETAIN_SELF = YES;
				CLANG_WARN_OBJC_LITERAL_CONVERSION = YES;
				CLANG_WARN_OBJC_ROOT_CLASS = YES_ERROR;
				CLANG_WARN_QUOTED_INCLUDE_IN_FRAMEWORK_HEADER = YES;
				CLANG_WARN_RANGE_LOOP_ANALYSIS = YES;
				CLANG_WARN_STRICT_PROTOTYPES = YES;
				CLANG_WARN_SUSPICIOUS_MOVE = YES;
				CLANG_WARN_UNGUARDED_AVAILABILITY = YES_AGGRESSIVE;
				CLANG_WARN_UNREACHABLE_CODE = YES;
				CLANG_WARN__DUPLICATE_METHOD_MATCH = YES;
				COPY_PHASE_STRIP = NO;
				DEBUG_INFORMATION_FORMAT = dwarf;
				ENABLE_STRICT_OBJC_MSGSEND = YES;
				ENABLE_TESTABILITY = YES;
				GCC_C_LANGUAGE_STANDARD = gnu11;
				GCC_DYNAMIC_NO_PIC = NO;
				GCC_NO_COMMON_BLOCKS = NO;
				GCC_OPTIMIZATION_LEVEL = 0;
				GCC_PREPROCESSOR_DEFINITIONS = (
					"DEBUG=1",
					"$(inherited)",
				);
				GCC_WARN_64_TO_32_BIT_CONVERSION = YES;
				GCC_WARN_ABOUT_RETURN_TYPE = YES_ERROR;
				GCC_WARN_UNDECLARED_SELECTOR = YES;
				GCC_WARN_UNINITIALIZED_AUTOS = YES_AGGRESSIVE;
				GCC_WARN_UNUSED_FUNCTION = YES;
				GCC_WARN_UNUSED_VARIABLE = YES;
				IPHONEOS_DEPLOYMENT_TARGET = 15.0;
				MTL_ENABLE_DEBUG_INFO = INCLUDE_SOURCE;
				MTL_FAST_MATH = YES;
				ONLY_ACTIVE_ARCH = YES;
				SDKROOT = iphoneos;
				SWIFT_ACTIVE_COMPILATION_CONDITIONS = DEBUG;
				SWIFT_OPTIMIZATION_LEVEL = "-Onone";
			};
			name = Debug;
		};
		762EFE2929937290009E55D1 /* Release */ = {
			isa = XCBuildConfiguration;
			buildSettings = {
				ALWAYS_SEARCH_USER_PATHS = NO;
				ARCHS = "$(ARCHS_STANDARD)";
				CLANG_ANALYZER_NONNULL = YES;
				CLANG_ANALYZER_NUMBER_OBJECT_CONVERSION = YES_AGGRESSIVE;
				CLANG_CXX_LANGUAGE_STANDARD = "gnu++20";
				CLANG_ENABLE_MODULES = YES;
				CLANG_ENABLE_OBJC_ARC = YES;
				CLANG_ENABLE_OBJC_WEAK = YES;
				CLANG_WARN_BLOCK_CAPTURE_AUTORELEASING = YES;
				CLANG_WARN_BOOL_CONVERSION = YES;
				CLANG_WARN_COMMA = YES;
				CLANG_WARN_CONSTANT_CONVERSION = YES;
				CLANG_WARN_DEPRECATED_OBJC_IMPLEMENTATIONS = YES;
				CLANG_WARN_DIRECT_OBJC_ISA_USAGE = YES_ERROR;
				CLANG_WARN_DOCUMENTATION_COMMENTS = YES;
				CLANG_WARN_EMPTY_BODY = YES;
				CLANG_WARN_ENUM_CONVERSION = YES;
				CLANG_WARN_INFINITE_RECURSION = YES;
				CLANG_WARN_INT_CONVERSION = YES;
				CLANG_WARN_NON_LITERAL_NULL_CONVERSION = YES;
				CLANG_WARN_OBJC_IMPLICIT_RETAIN_SELF = YES;
				CLANG_WARN_OBJC_LITERAL_CONVERSION = YES;
				CLANG_WARN_OBJC_ROOT_CLASS = YES_ERROR;
				CLANG_WARN_QUOTED_INCLUDE_IN_FRAMEWORK_HEADER = YES;
				CLANG_WARN_RANGE_LOOP_ANALYSIS = YES;
				CLANG_WARN_STRICT_PROTOTYPES = YES;
				CLANG_WARN_SUSPICIOUS_MOVE = YES;
				CLANG_WARN_UNGUARDED_AVAILABILITY = YES_AGGRESSIVE;
				CLANG_WARN_UNREACHABLE_CODE = YES;
				CLANG_WARN__DUPLICATE_METHOD_MATCH = YES;
				COPY_PHASE_STRIP = NO;
				DEBUG_INFORMATION_FORMAT = "dwarf-with-dsym";
				ENABLE_NS_ASSERTIONS = NO;
				ENABLE_STRICT_OBJC_MSGSEND = YES;
				GCC_C_LANGUAGE_STANDARD = gnu11;
				GCC_NO_COMMON_BLOCKS = NO;
				GCC_WARN_64_TO_32_BIT_CONVERSION = YES;
				GCC_WARN_ABOUT_RETURN_TYPE = YES_ERROR;
				GCC_WARN_UNDECLARED_SELECTOR = YES;
				GCC_WARN_UNINITIALIZED_AUTOS = YES_AGGRESSIVE;
				GCC_WARN_UNUSED_FUNCTION = YES;
				GCC_WARN_UNUSED_VARIABLE = YES;
				IPHONEOS_DEPLOYMENT_TARGET = 15.0;
				MTL_ENABLE_DEBUG_INFO = NO;
				MTL_FAST_MATH = YES;
				SDKROOT = iphoneos;
				SWIFT_COMPILATION_MODE = wholemodule;
				SWIFT_OPTIMIZATION_LEVEL = "-O";
				VALIDATE_PRODUCT = YES;
			};
			name = Release;
		};
		762EFE2B29937290009E55D1 /* Debug */ = {
			isa = XCBuildConfiguration;
			baseConfigurationReference = 3CC8C48E61C113EDE95FEE38 /* Pods-takeMedicine.debug.xcconfig */;
			buildSettings = {
				ASSETCATALOG_COMPILER_APPICON_NAME = AppIcon;
				ASSETCATALOG_COMPILER_GLOBAL_ACCENT_COLOR_NAME = AccentColor;
				CODE_SIGN_ENTITLEMENTS = takeMedicine/takeMedicine.entitlements;
				CODE_SIGN_IDENTITY = "Apple Development";
				CODE_SIGN_STYLE = Automatic;
				CURRENT_PROJECT_VERSION = 1;
				DEVELOPMENT_TEAM = 887S3AQ8HM;
				GENERATE_INFOPLIST_FILE = YES;
				INFOPLIST_FILE = takeMedicine/Info.plist;
				INFOPLIST_KEY_UIApplicationSupportsIndirectInputEvents = YES;
				INFOPLIST_KEY_UILaunchStoryboardName = LaunchScreen;
				INFOPLIST_KEY_UIMainStoryboardFile = Main;
				INFOPLIST_KEY_UISupportedInterfaceOrientations = UIInterfaceOrientationPortrait;
				INFOPLIST_KEY_UISupportedInterfaceOrientations_iPad = "UIInterfaceOrientationLandscapeLeft UIInterfaceOrientationLandscapeRight UIInterfaceOrientationPortrait UIInterfaceOrientationPortraitUpsideDown";
				IPHONEOS_DEPLOYMENT_TARGET = 15.0;
				LD_RUNPATH_SEARCH_PATHS = (
					"$(inherited)",
					"@executable_path/Frameworks",
				);
				MARKETING_VERSION = 1.0;
				OTHER_LDFLAGS = "-ObjC";
				PRODUCT_BUNDLE_IDENTIFIER = com.rlaehgns745.mediApp;
				PRODUCT_NAME = "$(TARGET_NAME)";
				PROVISIONING_PROFILE_SPECIFIER = "";
				SUPPORTED_PLATFORMS = "iphoneos iphonesimulator";
				SUPPORTS_MACCATALYST = NO;
				SUPPORTS_MAC_DESIGNED_FOR_IPHONE_IPAD = NO;
				SWIFT_EMIT_LOC_STRINGS = YES;
				SWIFT_VERSION = 5.0;
				TARGETED_DEVICE_FAMILY = 1;
			};
			name = Debug;
		};
		762EFE2C29937290009E55D1 /* Release */ = {
			isa = XCBuildConfiguration;
			baseConfigurationReference = 886020EBEC13FE76E5B1AE64 /* Pods-takeMedicine.release.xcconfig */;
			buildSettings = {
				ASSETCATALOG_COMPILER_APPICON_NAME = AppIcon;
				ASSETCATALOG_COMPILER_GLOBAL_ACCENT_COLOR_NAME = AccentColor;
				CODE_SIGN_ENTITLEMENTS = takeMedicine/takeMedicine.entitlements;
				CODE_SIGN_IDENTITY = "Apple Development";
				CODE_SIGN_STYLE = Automatic;
				CURRENT_PROJECT_VERSION = 1;
				DEVELOPMENT_TEAM = 887S3AQ8HM;
				GENERATE_INFOPLIST_FILE = YES;
				INFOPLIST_FILE = takeMedicine/Info.plist;
				INFOPLIST_KEY_UIApplicationSupportsIndirectInputEvents = YES;
				INFOPLIST_KEY_UILaunchStoryboardName = LaunchScreen;
				INFOPLIST_KEY_UIMainStoryboardFile = Main;
				INFOPLIST_KEY_UISupportedInterfaceOrientations = UIInterfaceOrientationPortrait;
				INFOPLIST_KEY_UISupportedInterfaceOrientations_iPad = "UIInterfaceOrientationLandscapeLeft UIInterfaceOrientationLandscapeRight UIInterfaceOrientationPortrait UIInterfaceOrientationPortraitUpsideDown";
				IPHONEOS_DEPLOYMENT_TARGET = 15.0;
				LD_RUNPATH_SEARCH_PATHS = (
					"$(inherited)",
					"@executable_path/Frameworks",
				);
				MARKETING_VERSION = 1.0;
				OTHER_LDFLAGS = "-ObjC";
				PRODUCT_BUNDLE_IDENTIFIER = com.rlaehgns745.mediApp;
				PRODUCT_NAME = "$(TARGET_NAME)";
				PROVISIONING_PROFILE_SPECIFIER = "";
				SUPPORTED_PLATFORMS = "iphoneos iphonesimulator";
				SUPPORTS_MACCATALYST = NO;
				SUPPORTS_MAC_DESIGNED_FOR_IPHONE_IPAD = NO;
				SWIFT_EMIT_LOC_STRINGS = YES;
				SWIFT_VERSION = 5.0;
				TARGETED_DEVICE_FAMILY = 1;
			};
			name = Release;
		};
/* End XCBuildConfiguration section */

/* Begin XCConfigurationList section */
		762EFE112993728F009E55D1 /* Build configuration list for PBXProject "takeMedicine" */ = {
			isa = XCConfigurationList;
			buildConfigurations = (
				762EFE2829937290009E55D1 /* Debug */,
				762EFE2929937290009E55D1 /* Release */,
			);
			defaultConfigurationIsVisible = 0;
			defaultConfigurationName = Release;
		};
		762EFE2A29937290009E55D1 /* Build configuration list for PBXNativeTarget "takeMedicine" */ = {
			isa = XCConfigurationList;
			buildConfigurations = (
				762EFE2B29937290009E55D1 /* Debug */,
				762EFE2C29937290009E55D1 /* Release */,
			);
			defaultConfigurationIsVisible = 0;
			defaultConfigurationName = Release;
		};
/* End XCConfigurationList section */

/* Begin XCRemoteSwiftPackageReference section */
		7642D664299D1F2B005A5101 /* XCRemoteSwiftPackageReference "Fakery" */ = {
			isa = XCRemoteSwiftPackageReference;
			repositoryURL = "https://github.com/vadymmarkov/Fakery.git";
			requirement = {
				kind = upToNextMajorVersion;
				minimumVersion = 5.0.0;
			};
		};
		76FA42712A0B53BB006A2AAA /* XCRemoteSwiftPackageReference "swift-package-manager-google-mobile-ads" */ = {
			isa = XCRemoteSwiftPackageReference;
			repositoryURL = "https://github.com/googleads/swift-package-manager-google-mobile-ads.git";
			requirement = {
				kind = upToNextMajorVersion;
				minimumVersion = 10.0.0;
			};
		};
/* End XCRemoteSwiftPackageReference section */

/* Begin XCSwiftPackageProductDependency section */
		7642D665299D1F2B005A5101 /* Fakery */ = {
			isa = XCSwiftPackageProductDependency;
			package = 7642D664299D1F2B005A5101 /* XCRemoteSwiftPackageReference "Fakery" */;
			productName = Fakery;
		};
		76FA42722A0B53BB006A2AAA /* GoogleMobileAds */ = {
			isa = XCSwiftPackageProductDependency;
			package = 76FA42712A0B53BB006A2AAA /* XCRemoteSwiftPackageReference "swift-package-manager-google-mobile-ads" */;
			productName = GoogleMobileAds;
		};
/* End XCSwiftPackageProductDependency section */
	};
	rootObject = 762EFE0E2993728F009E55D1 /* Project object */;
}
